
Microsoft Visual Studio Solution File, Format Version 12.00
# Visual Studio Version 17
VisualStudioVersion = 17.12.35527.113 d17.12
MinimumVisualStudioVersion = 10.0.40219.1
Project("{FAE04EC0-301F-11D3-BF4B-00C04F79EFBC}") = "Jc.AdMob.Avalonia.Sample", "samples\Jc.AdMob.Avalonia.Sample\Jc.AdMob.Avalonia.Sample.csproj", "{8FCDA73C-4E66-4C88-96B0-1B5B5C2FC099}"
EndProject
Project("{FAE04EC0-301F-11D3-BF4B-00C04F79EFBC}") = "Jc.AdMob.Avalonia.Sample.iOS", "samples\Jc.AdMob.Avalonia.Sample.iOS\Jc.AdMob.Avalonia.Sample.iOS.csproj", "{868AE964-7656-4412-A288-CBD333ADCC44}"
EndProject
Project("{2150E333-8FDC-42A3-9474-1A3956D46DE8}") = "Samples", "Samples", "{13FB1068-06DC-4478-BE91-B02D9411EA51}"
EndProject
Project("{FAE04EC0-301F-11D3-BF4B-00C04F79EFBC}") = "Jc.AdMob.Avalonia", "src\Jc.AdMob.Avalonia\Jc.AdMob.Avalonia.csproj", "{758A29D8-0A96-4E07-91EC-73231785AD7E}"
EndProject
Project("{FAE04EC0-301F-11D3-BF4B-00C04F79EFBC}") = "Jc.AdMob.Avalonia.Android", "src\Jc.AdMob.Avalonia.Android\Jc.AdMob.Avalonia.Android.csproj", "{D673A199-3993-4858-A54E-7899EB46EA5D}"
EndProject
Project("{FAE04EC0-301F-11D3-BF4B-00C04F79EFBC}") = "Jc.AdMob.Avalonia.iOS", "src\Jc.AdMob.Avalonia.iOS\Jc.AdMob.Avalonia.iOS.csproj", "{5C62F856-12C7-4AC2-9558-0896B220DADC}"
EndProject
Project("{FAE04EC0-301F-11D3-BF4B-00C04F79EFBC}") = "Jc.AdMob.Avalonia.Sample.Android", "samples\Jc.AdMob.Avalonia.Sample.Android\Jc.AdMob.Avalonia.Sample.Android.csproj", "{C5E61FAD-2F4F-420A-9E1A-72A6C1AB8E5C}"
EndProject
Project("{FAE04EC0-301F-11D3-BF4B-00C04F79EFBC}") = "Jc.GoogleMobileAds.iOS", "lib\Jc.GoogleMobileAds.iOS\Jc.GoogleMobileAds.iOS.csproj", "{B9AABC9E-399B-4A4F-B94B-394FD7654C28}"
EndProject
Global
	GlobalSection(SolutionConfigurationPlatforms) = preSolution
		Debug|Any CPU = Debug|Any CPU
		Release|Any CPU = Release|Any CPU
	EndGlobalSection
	GlobalSection(ProjectConfigurationPlatforms) = postSolution
		{8FCDA73C-4E66-4C88-96B0-1B5B5C2FC099}.Debug|Any CPU.ActiveCfg = Debug|Any CPU
		{8FCDA73C-4E66-4C88-96B0-1B5B5C2FC099}.Debug|Any CPU.Build.0 = Debug|Any CPU
		{8FCDA73C-4E66-4C88-96B0-1B5B5C2FC099}.Release|Any CPU.ActiveCfg = Release|Any CPU
		{8FCDA73C-4E66-4C88-96B0-1B5B5C2FC099}.Release|Any CPU.Build.0 = Release|Any CPU
		{868AE964-7656-4412-A288-CBD333ADCC44}.Debug|Any CPU.ActiveCfg = Debug|Any CPU
		{868AE964-7656-4412-A288-CBD333ADCC44}.Debug|Any CPU.Build.0 = Debug|Any CPU
		{868AE964-7656-4412-A288-CBD333ADCC44}.Release|Any CPU.ActiveCfg = Release|Any CPU
		{868AE964-7656-4412-A288-CBD333ADCC44}.Release|Any CPU.Build.0 = Release|Any CPU
		{758A29D8-0A96-4E07-91EC-73231785AD7E}.Debug|Any CPU.ActiveCfg = Debug|Any CPU
		{758A29D8-0A96-4E07-91EC-73231785AD7E}.Debug|Any CPU.Build.0 = Debug|Any CPU
		{758A29D8-0A96-4E07-91EC-73231785AD7E}.Release|Any CPU.ActiveCfg = Release|Any CPU
		{758A29D8-0A96-4E07-91EC-73231785AD7E}.Release|Any CPU.Build.0 = Release|Any CPU
		{D673A199-3993-4858-A54E-7899EB46EA5D}.Debug|Any CPU.ActiveCfg = Debug|Any CPU
		{D673A199-3993-4858-A54E-7899EB46EA5D}.Debug|Any CPU.Build.0 = Debug|Any CPU
		{D673A199-3993-4858-A54E-7899EB46EA5D}.Release|Any CPU.ActiveCfg = Release|Any CPU
		{D673A199-3993-4858-A54E-7899EB46EA5D}.Release|Any CPU.Build.0 = Release|Any CPU
		{5C62F856-12C7-4AC2-9558-0896B220DADC}.Debug|Any CPU.ActiveCfg = Debug|Any CPU
		{5C62F856-12C7-4AC2-9558-0896B220DADC}.Debug|Any CPU.Build.0 = Debug|Any CPU
		{5C62F856-12C7-4AC2-9558-0896B220DADC}.Release|Any CPU.ActiveCfg = Release|Any CPU
		{5C62F856-12C7-4AC2-9558-0896B220DADC}.Release|Any CPU.Build.0 = Release|Any CPU
		{C5E61FAD-2F4F-420A-9E1A-72A6C1AB8E5C}.Debug|Any CPU.ActiveCfg = Debug|Any CPU
		{C5E61FAD-2F4F-420A-9E1A-72A6C1AB8E5C}.Debug|Any CPU.Build.0 = Debug|Any CPU
		{C5E61FAD-2F4F-420A-9E1A-72A6C1AB8E5C}.Release|Any CPU.ActiveCfg = Release|Any CPU
		{C5E61FAD-2F4F-420A-9E1A-72A6C1AB8E5C}.Release|Any CPU.Build.0 = Release|Any CPU
		{B9AABC9E-399B-4A4F-B94B-394FD7654C28}.Debug|Any CPU.ActiveCfg = Debug|Any CPU
		{B9AABC9E-399B-4A4F-B94B-394FD7654C28}.Debug|Any CPU.Build.0 = Debug|Any CPU
		{B9AABC9E-399B-4A4F-B94B-394FD7654C28}.Release|Any CPU.ActiveCfg = Release|Any CPU
		{B9AABC9E-399B-4A4F-B94B-394FD7654C28}.Release|Any CPU.Build.0 = Release|Any CPU
	EndGlobalSection
	GlobalSection(SolutionProperties) = preSolution
		HideSolutionNode = FALSE
	EndGlobalSection
	GlobalSection(NestedProjects) = preSolution
		{8FCDA73C-4E66-4C88-96B0-1B5B5C2FC099} = {13FB1068-06DC-4478-BE91-B02D9411EA51}
		{868AE964-7656-4412-A288-CBD333ADCC44} = {13FB1068-06DC-4478-BE91-B02D9411EA51}
		{C5E61FAD-2F4F-420A-9E1A-72A6C1AB8E5C} = {13FB1068-06DC-4478-BE91-B02D9411EA51}
	EndGlobalSection
EndGlobal
